// !$*UTF8*$!
{
	archiveVersion = 1;
	classes = {
	};
	objectVersion = 55;
	objects = {

/* Begin PBXBuildFile section */
		8871120028140E070064D70E /* Landmark.swift in Sources */ = {isa = PBXBuildFile; fileRef = 887111FF28140E070064D70E /* Landmark.swift */; };
		8871120228141E260064D70E /* ModeData.swift in Sources */ = {isa = PBXBuildFile; fileRef = 8871120128141E260064D70E /* ModeData.swift */; };
		88711205281423FD0064D70E /* LandmarkRow.swift in Sources */ = {isa = PBXBuildFile; fileRef = 88711204281423FD0064D70E /* LandmarkRow.swift */; };
		88711207281426A70064D70E /* LandmarkList.swift in Sources */ = {isa = PBXBuildFile; fileRef = 88711206281426A70064D70E /* LandmarkList.swift */; };
		88711209281431900064D70E /* landmarkData.json in Resources */ = {isa = PBXBuildFile; fileRef = 88711208281431900064D70E /* landmarkData.json */; };
		88DB5ACF2813FA6B005FB295 /* LandmarksApp.swift in Sources */ = {isa = PBXBuildFile; fileRef = 88DB5ACE2813FA6B005FB295 /* LandmarksApp.swift */; };
		88DB5AD32813FA6F005FB295 /* Assets.xcassets in Resources */ = {isa = PBXBuildFile; fileRef = 88DB5AD22813FA6F005FB295 /* Assets.xcassets */; };
		88DB5AD62813FA6F005FB295 /* Preview Assets.xcassets in Resources */ = {isa = PBXBuildFile; fileRef = 88DB5AD52813FA6F005FB295 /* Preview Assets.xcassets */; };
		88DB5AEB2813FAB8005FB295 /* charleyrivers.jpg in Resources */ = {isa = PBXBuildFile; fileRef = 88DB5ADD2813FAB8005FB295 /* charleyrivers.jpg */; };
		88DB5AEC2813FAB8005FB295 /* turtlerock.jpg in Resources */ = {isa = PBXBuildFile; fileRef = 88DB5ADE2813FAB8005FB295 /* turtlerock.jpg */; };
		88DB5AED2813FAB8005FB295 /* silversalmoncreek.jpg in Resources */ = {isa = PBXBuildFile; fileRef = 88DB5ADF2813FAB8005FB295 /* silversalmoncreek.jpg */; };
		88DB5AEE2813FAB8005FB295 /* hikeData.json in Resources */ = {isa = PBXBuildFile; fileRef = 88DB5AE02813FAB8005FB295 /* hikeData.json */; };
		88DB5AEF2813FAB8005FB295 /* icybay.jpg in Resources */ = {isa = PBXBuildFile; fileRef = 88DB5AE12813FAB8005FB295 /* icybay.jpg */; };
		88DB5AF02813FAB8005FB295 /* lakemcdonald.jpg in Resources */ = {isa = PBXBuildFile; fileRef = 88DB5AE22813FAB8005FB295 /* lakemcdonald.jpg */; };
		88DB5AF12813FAB8005FB295 /* hiddenlake.jpg in Resources */ = {isa = PBXBuildFile; fileRef = 88DB5AE32813FAB8005FB295 /* hiddenlake.jpg */; };
		88DB5AF22813FAB8005FB295 /* twinlake.jpg in Resources */ = {isa = PBXBuildFile; fileRef = 88DB5AE42813FAB8005FB295 /* twinlake.jpg */; };
		88DB5AF32813FAB8005FB295 /* umbagog.jpg in Resources */ = {isa = PBXBuildFile; fileRef = 88DB5AE52813FAB8005FB295 /* umbagog.jpg */; };
		88DB5AF52813FAB8005FB295 /* chincoteague.jpg in Resources */ = {isa = PBXBuildFile; fileRef = 88DB5AE72813FAB8005FB295 /* chincoteague.jpg */; };
		88DB5AF62813FAB8005FB295 /* stmarylake.jpg in Resources */ = {isa = PBXBuildFile; fileRef = 88DB5AE82813FAB8005FB295 /* stmarylake.jpg */; };
		88DB5AF72813FAB8005FB295 /* chilkoottrail.jpg in Resources */ = {isa = PBXBuildFile; fileRef = 88DB5AE92813FAB8005FB295 /* chilkoottrail.jpg */; };
		88DB5AF82813FAB8005FB295 /* rainbowlake.jpg in Resources */ = {isa = PBXBuildFile; fileRef = 88DB5AEA2813FAB8005FB295 /* rainbowlake.jpg */; };
		88DB5AFA2813FAF9005FB295 /* CircleImage.swift in Sources */ = {isa = PBXBuildFile; fileRef = 88DB5AF92813FAF9005FB295 /* CircleImage.swift */; };
		88DB5AFC2813FB65005FB295 /* MapView.swift in Sources */ = {isa = PBXBuildFile; fileRef = 88DB5AFB2813FB65005FB295 /* MapView.swift */; };
		88DB5B00281409B7005FB295 /* LandmarkDetail.swift in Sources */ = {isa = PBXBuildFile; fileRef = 88DB5AD02813FA6B005FB295 /* LandmarkDetail.swift */; };
/* End PBXBuildFile section */

/* Begin PBXFileReference section */
		887111FF28140E070064D70E /* Landmark.swift */ = {isa = PBXFileReference; lastKnownFileType = sourcecode.swift; path = Landmark.swift; sourceTree = "<group>"; };
		8871120128141E260064D70E /* ModeData.swift */ = {isa = PBXFileReference; lastKnownFileType = sourcecode.swift; path = ModeData.swift; sourceTree = "<group>"; };
		88711204281423FD0064D70E /* LandmarkRow.swift */ = {isa = PBXFileReference; lastKnownFileType = sourcecode.swift; path = LandmarkRow.swift; sourceTree = "<group>"; };
		88711206281426A70064D70E /* LandmarkList.swift */ = {isa = PBXFileReference; lastKnownFileType = sourcecode.swift; path = LandmarkList.swift; sourceTree = "<group>"; };
		88711208281431900064D70E /* landmarkData.json */ = {isa = PBXFileReference; fileEncoding = 4; lastKnownFileType = text.json; name = landmarkData.json; path = ../../../../../Downloads/BuildingListsAndNavigation/Resources/landmarkData.json; sourceTree = "<group>"; };
		88DB5ACB2813FA6B005FB295 /* Landmarks.app */ = {isa = PBXFileReference; explicitFileType = wrapper.application; includeInIndex = 0; path = Landmarks.app; sourceTree = BUILT_PRODUCTS_DIR; };
		88DB5ACE2813FA6B005FB295 /* LandmarksApp.swift */ = {isa = PBXFileReference; lastKnownFileType = sourcecode.swift; path = LandmarksApp.swift; sourceTree = "<group>"; };
		88DB5AD02813FA6B005FB295 /* LandmarkDetail.swift */ = {isa = PBXFileReference; lastKnownFileType = sourcecode.swift; path = LandmarkDetail.swift; sourceTree = "<group>"; };
		88DB5AD22813FA6F005FB295 /* Assets.xcassets */ = {isa = PBXFileReference; lastKnownFileType = folder.assetcatalog; path = Assets.xcassets; sourceTree = "<group>"; };
		88DB5AD52813FA6F005FB295 /* Preview Assets.xcassets */ = {isa = PBXFileReference; lastKnownFileType = folder.assetcatalog; path = "Preview Assets.xcassets"; sourceTree = "<group>"; };
		88DB5ADD2813FAB8005FB295 /* charleyrivers.jpg */ = {isa = PBXFileReference; lastKnownFileType = image.jpeg; path = charleyrivers.jpg; sourceTree = "<group>"; };
		88DB5ADE2813FAB8005FB295 /* turtlerock.jpg */ = {isa = PBXFileReference; lastKnownFileType = image.jpeg; path = turtlerock.jpg; sourceTree = "<group>"; };
		88DB5ADF2813FAB8005FB295 /* silversalmoncreek.jpg */ = {isa = PBXFileReference; lastKnownFileType = image.jpeg; path = silversalmoncreek.jpg; sourceTree = "<group>"; };
		88DB5AE02813FAB8005FB295 /* hikeData.json */ = {isa = PBXFileReference; fileEncoding = 4; lastKnownFileType = text.json; path = hikeData.json; sourceTree = "<group>"; };
		88DB5AE12813FAB8005FB295 /* icybay.jpg */ = {isa = PBXFileReference; lastKnownFileType = image.jpeg; path = icybay.jpg; sourceTree = "<group>"; };
		88DB5AE22813FAB8005FB295 /* lakemcdonald.jpg */ = {isa = PBXFileReference; lastKnownFileType = image.jpeg; path = lakemcdonald.jpg; sourceTree = "<group>"; };
		88DB5AE32813FAB8005FB295 /* hiddenlake.jpg */ = {isa = PBXFileReference; lastKnownFileType = image.jpeg; path = hiddenlake.jpg; sourceTree = "<group>"; };
		88DB5AE42813FAB8005FB295 /* twinlake.jpg */ = {isa = PBXFileReference; lastKnownFileType = image.jpeg; path = twinlake.jpg; sourceTree = "<group>"; };
		88DB5AE52813FAB8005FB295 /* umbagog.jpg */ = {isa = PBXFileReference; lastKnownFileType = image.jpeg; path = umbagog.jpg; sourceTree = "<group>"; };
		88DB5AE72813FAB8005FB295 /* chincoteague.jpg */ = {isa = PBXFileReference; lastKnownFileType = image.jpeg; path = chincoteague.jpg; sourceTree = "<group>"; };
		88DB5AE82813FAB8005FB295 /* stmarylake.jpg */ = {isa = PBXFileReference; lastKnownFileType = image.jpeg; path = stmarylake.jpg; sourceTree = "<group>"; };
		88DB5AE92813FAB8005FB295 /* chilkoottrail.jpg */ = {isa = PBXFileReference; lastKnownFileType = image.jpeg; path = chilkoottrail.jpg; sourceTree = "<group>"; };
		88DB5AEA2813FAB8005FB295 /* rainbowlake.jpg */ = {isa = PBXFileReference; lastKnownFileType = image.jpeg; path = rainbowlake.jpg; sourceTree = "<group>"; };
		88DB5AF92813FAF9005FB295 /* CircleImage.swift */ = {isa = PBXFileReference; lastKnownFileType = sourcecode.swift; path = CircleImage.swift; sourceTree = "<group>"; };
		88DB5AFB2813FB65005FB295 /* MapView.swift */ = {isa = PBXFileReference; lastKnownFileType = sourcecode.swift; path = MapView.swift; sourceTree = "<group>"; };
/* End PBXFileReference section */

/* Begin PBXFrameworksBuildPhase section */
		88DB5AC82813FA6B005FB295 /* Frameworks */ = {
			isa = PBXFrameworksBuildPhase;
			buildActionMask = 2147483647;
			files = (
			);
			runOnlyForDeploymentPostprocessing = 0;
		};
/* End PBXFrameworksBuildPhase section */

/* Begin PBXGroup section */
		887111FE28140D9C0064D70E /* Models */ = {
			isa = PBXGroup;
			children = (
				887111FF28140E070064D70E /* Landmark.swift */,
				8871120128141E260064D70E /* ModeData.swift */,
			);
			path = Models;
			sourceTree = "<group>";
		};
		88711203281423B40064D70E /* Views */ = {
			isa = PBXGroup;
			children = (
				88711204281423FD0064D70E /* LandmarkRow.swift */,
				88711206281426A70064D70E /* LandmarkList.swift */,
			);
			path = Views;
			sourceTree = "<group>";
		};
		88DB5AC22813FA6B005FB295 = {
			isa = PBXGroup;
			children = (
				88DB5ACD2813FA6B005FB295 /* Landmarks */,
				88DB5ACC2813FA6B005FB295 /* Products */,
			);
			sourceTree = "<group>";
		};
		88DB5ACC2813FA6B005FB295 /* Products */ = {
			isa = PBXGroup;
			children = (
				88DB5ACB2813FA6B005FB295 /* Landmarks.app */,
			);
			name = Products;
			sourceTree = "<group>";
		};
		88DB5ACD2813FA6B005FB295 /* Landmarks */ = {
			isa = PBXGroup;
			children = (
				88711203281423B40064D70E /* Views */,
				887111FE28140D9C0064D70E /* Models */,
				88DB5AFB2813FB65005FB295 /* MapView.swift */,
				88DB5AF92813FAF9005FB295 /* CircleImage.swift */,
				88DB5ACE2813FA6B005FB295 /* LandmarksApp.swift */,
				88DB5AD02813FA6B005FB295 /* LandmarkDetail.swift */,
				88DB5ADC2813FAB8005FB295 /* Resources */,
				88DB5AD22813FA6F005FB295 /* Assets.xcassets */,
				88DB5AD42813FA6F005FB295 /* Preview Content */,
			);
			path = Landmarks;
			sourceTree = "<group>";
		};
		88DB5AD42813FA6F005FB295 /* Preview Content */ = {
			isa = PBXGroup;
			children = (
				88DB5AD52813FA6F005FB295 /* Preview Assets.xcassets */,
			);
			path = "Preview Content";
			sourceTree = "<group>";
		};
		88DB5ADC2813FAB8005FB295 /* Resources */ = {
			isa = PBXGroup;
			children = (
				88711208281431900064D70E /* landmarkData.json */,
				88DB5ADD2813FAB8005FB295 /* charleyrivers.jpg */,
				88DB5ADE2813FAB8005FB295 /* turtlerock.jpg */,
				88DB5ADF2813FAB8005FB295 /* silversalmoncreek.jpg */,
				88DB5AE12813FAB8005FB295 /* icybay.jpg */,
				88DB5AE22813FAB8005FB295 /* lakemcdonald.jpg */,
				88DB5AE32813FAB8005FB295 /* hiddenlake.jpg */,
				88DB5AE42813FAB8005FB295 /* twinlake.jpg */,
				88DB5AE52813FAB8005FB295 /* umbagog.jpg */,
				88DB5AE72813FAB8005FB295 /* chincoteague.jpg */,
				88DB5AE82813FAB8005FB295 /* stmarylake.jpg */,
				88DB5AE92813FAB8005FB295 /* chilkoottrail.jpg */,
				88DB5AEA2813FAB8005FB295 /* rainbowlake.jpg */,
				88DB5AE02813FAB8005FB295 /* hikeData.json */,
			);
			path = Resources;
			sourceTree = "<group>";
		};
/* End PBXGroup section */

/* Begin PBXNativeTarget section */
		88DB5ACA2813FA6B005FB295 /* Landmarks */ = {
			isa = PBXNativeTarget;
			buildConfigurationList = 88DB5AD92813FA6F005FB295 /* Build configuration list for PBXNativeTarget "Landmarks" */;
			buildPhases = (
				88DB5AC72813FA6B005FB295 /* Sources */,
				88DB5AC82813FA6B005FB295 /* Frameworks */,
				88DB5AC92813FA6B005FB295 /* Resources */,
			);
			buildRules = (
			);
			dependencies = (
			);
			name = Landmarks;
			productName = Landmarks;
			productReference = 88DB5ACB2813FA6B005FB295 /* Landmarks.app */;
			productType = "com.apple.product-type.application";
		};
/* End PBXNativeTarget section */

/* Begin PBXProject section */
		88DB5AC32813FA6B005FB295 /* Project object */ = {
			isa = PBXProject;
			attributes = {
				BuildIndependentTargetsInParallel = 1;
				LastSwiftUpdateCheck = 1330;
				LastUpgradeCheck = 1330;
				TargetAttributes = {
					88DB5ACA2813FA6B005FB295 = {
						CreatedOnToolsVersion = 13.3.1;
					};
				};
			};
			buildConfigurationList = 88DB5AC62813FA6B005FB295 /* Build configuration list for PBXProject "Landmarks" */;
			compatibilityVersion = "Xcode 13.0";
			developmentRegion = en;
			hasScannedForEncodings = 0;
			knownRegions = (
				en,
				Base,
			);
			mainGroup = 88DB5AC22813FA6B005FB295;
			productRefGroup = 88DB5ACC2813FA6B005FB295 /* Products */;
			projectDirPath = "";
			projectRoot = "";
			targets = (
				88DB5ACA2813FA6B005FB295 /* Landmarks */,
			);
		};
/* End PBXProject section */

/* Begin PBXResourcesBuildPhase section */
		88DB5AC92813FA6B005FB295 /* Resources */ = {
			isa = PBXResourcesBuildPhase;
			buildActionMask = 2147483647;
			files = (
				88DB5AED2813FAB8005FB295 /* silversalmoncreek.jpg in Resources */,
				88DB5AEC2813FAB8005FB295 /* turtlerock.jpg in Resources */,
				88DB5AEB2813FAB8005FB295 /* charleyrivers.jpg in Resources */,
				88711209281431900064D70E /* landmarkData.json in Resources */,
				88DB5AD62813FA6F005FB295 /* Preview Assets.xcassets in Resources */,
				88DB5AEE2813FAB8005FB295 /* hikeData.json in Resources */,
				88DB5AF52813FAB8005FB295 /* chincoteague.jpg in Resources */,
				88DB5AF62813FAB8005FB295 /* stmarylake.jpg in Resources */,
				88DB5AEF2813FAB8005FB295 /* icybay.jpg in Resources */,
				88DB5AF22813FAB8005FB295 /* twinlake.jpg in Resources */,
				88DB5AF02813FAB8005FB295 /* lakemcdonald.jpg in Resources */,
				88DB5AF12813FAB8005FB295 /* hiddenlake.jpg in Resources */,
				88DB5AF32813FAB8005FB295 /* umbagog.jpg in Resources */,
				88DB5AF82813FAB8005FB295 /* rainbowlake.jpg in Resources */,
				88DB5AF72813FAB8005FB295 /* chilkoottrail.jpg in Resources */,
				88DB5AD32813FA6F005FB295 /* Assets.xcassets in Resources */,
			);
			runOnlyForDeploymentPostprocessing = 0;
		};
/* End PBXResourcesBuildPhase section */

/* Begin PBXSourcesBuildPhase section */
		88DB5AC72813FA6B005FB295 /* Sources */ = {
			isa = PBXSourcesBuildPhase;
			buildActionMask = 2147483647;
			files = (
				88DB5AFC2813FB65005FB295 /* MapView.swift in Sources */,
				8871120228141E260064D70E /* ModeData.swift in Sources */,
				88DB5ACF2813FA6B005FB295 /* LandmarksApp.swift in Sources */,
				88711207281426A70064D70E /* LandmarkList.swift in Sources */,
				88DB5B00281409B7005FB295 /* LandmarkDetail.swift in Sources */,
				88DB5AFA2813FAF9005FB295 /* CircleImage.swift in Sources */,
				88711205281423FD0064D70E /* LandmarkRow.swift in Sources */,
				8871120028140E070064D70E /* Landmark.swift in Sources */,
			);
			runOnlyForDeploymentPostprocessing = 0;
		};
/* End PBXSourcesBuildPhase section */

/* Begin XCBuildConfiguration section */
		88DB5AD72813FA6F005FB295 /* Debug */ = {
			isa = XCBuildConfiguration;
			buildSettings = {
				ALWAYS_SEARCH_USER_PATHS = NO;
				CLANG_ANALYZER_NONNULL = YES;
				CLANG_ANALYZER_NUMBER_OBJECT_CONVERSION = YES_AGGRESSIVE;
				CLANG_CXX_LANGUAGE_STANDARD = "gnu++17";
				CLANG_ENABLE_MODULES = YES;
				CLANG_ENABLE_OBJC_ARC = YES;
				CLANG_ENABLE_OBJC_WEAK = YES;
				CLANG_WARN_BLOCK_CAPTURE_AUTORELEASING = YES;
				CLANG_WARN_BOOL_CONVERSION = YES;
				CLANG_WARN_COMMA = YES;
				CLANG_WARN_CONSTANT_CONVERSION = YES;
				CLANG_WARN_DEPRECATED_OBJC_IMPLEMENTATIONS = YES;
				CLANG_WARN_DIRECT_OBJC_ISA_USAGE = YES_ERROR;
				CLANG_WARN_DOCUMENTATION_COMMENTS = YES;
				CLANG_WARN_EMPTY_BODY = YES;
				CLANG_WARN_ENUM_CONVERSION = YES;
				CLANG_WARN_INFINITE_RECURSION = YES;
				CLANG_WARN_INT_CONVERSION = YES;
				CLANG_WARN_NON_LITERAL_NULL_CONVERSION = YES;
				CLANG_WARN_OBJC_IMPLICIT_RETAIN_SELF = YES;
				CLANG_WARN_OBJC_LITERAL_CONVERSION = YES;
				CLANG_WARN_OBJC_ROOT_CLASS = YES_ERROR;
				CLANG_WARN_QUOTED_INCLUDE_IN_FRAMEWORK_HEADER = YES;
				CLANG_WARN_RANGE_LOOP_ANALYSIS = YES;
				CLANG_WARN_STRICT_PROTOTYPES = YES;
				CLANG_WARN_SUSPICIOUS_MOVE = YES;
				CLANG_WARN_UNGUARDED_AVAILABILITY = YES_AGGRESSIVE;
				CLANG_WARN_UNREACHABLE_CODE = YES;
				CLANG_WARN__DUPLICATE_METHOD_MATCH = YES;
				COPY_PHASE_STRIP = NO;
				DEBUG_INFORMATION_FORMAT = dwarf;
				ENABLE_STRICT_OBJC_MSGSEND = YES;
				ENABLE_TESTABILITY = YES;
				GCC_C_LANGUAGE_STANDARD = gnu11;
				GCC_DYNAMIC_NO_PIC = NO;
				GCC_NO_COMMON_BLOCKS = YES;
				GCC_OPTIMIZATION_LEVEL = 0;
				GCC_PREPROCESSOR_DEFINITIONS = (
					"DEBUG=1",
					"$(inherited)",
				);
				GCC_WARN_64_TO_32_BIT_CONVERSION = YES;
				GCC_WARN_ABOUT_RETURN_TYPE = YES_ERROR;
				GCC_WARN_UNDECLARED_SELECTOR = YES;
				GCC_WARN_UNINITIALIZED_AUTOS = YES_AGGRESSIVE;
				GCC_WARN_UNUSED_FUNCTION = YES;
				GCC_WARN_UNUSED_VARIABLE = YES;
				IPHONEOS_DEPLOYMENT_TARGET = 15.4;
				MTL_ENABLE_DEBUG_INFO = INCLUDE_SOURCE;
				MTL_FAST_MATH = YES;
				ONLY_ACTIVE_ARCH = YES;
				SDKROOT = iphoneos;
				SWIFT_ACTIVE_COMPILATION_CONDITIONS = DEBUG;
				SWIFT_OPTIMIZATION_LEVEL = "-Onone";
			};
			name = Debug;
		};
		88DB5AD82813FA6F005FB295 /* Release */ = {
			isa = XCBuildConfiguration;
			buildSettings = {
				ALWAYS_SEARCH_USER_PATHS = NO;
				CLANG_ANALYZER_NONNULL = YES;
				CLANG_ANALYZER_NUMBER_OBJECT_CONVERSION = YES_AGGRESSIVE;
				CLANG_CXX_LANGUAGE_STANDARD = "gnu++17";
				CLANG_ENABLE_MODULES = YES;
				CLANG_ENABLE_OBJC_ARC = YES;
				CLANG_ENABLE_OBJC_WEAK = YES;
				CLANG_WARN_BLOCK_CAPTURE_AUTORELEASING = YES;
				CLANG_WARN_BOOL_CONVERSION = YES;
				CLANG_WARN_COMMA = YES;
				CLANG_WARN_CONSTANT_CONVERSION = YES;
				CLANG_WARN_DEPRECATED_OBJC_IMPLEMENTATIONS = YES;
				CLANG_WARN_DIRECT_OBJC_ISA_USAGE = YES_ERROR;
				CLANG_WARN_DOCUMENTATION_COMMENTS = YES;
				CLANG_WARN_EMPTY_BODY = YES;
				CLANG_WARN_ENUM_CONVERSION = YES;
				CLANG_WARN_INFINITE_RECURSION = YES;
				CLANG_WARN_INT_CONVERSION = YES;
				CLANG_WARN_NON_LITERAL_NULL_CONVERSION = YES;
				CLANG_WARN_OBJC_IMPLICIT_RETAIN_SELF = YES;
				CLANG_WARN_OBJC_LITERAL_CONVERSION = YES;
				CLANG_WARN_OBJC_ROOT_CLASS = YES_ERROR;
				CLANG_WARN_QUOTED_INCLUDE_IN_FRAMEWORK_HEADER = YES;
				CLANG_WARN_RANGE_LOOP_ANALYSIS = YES;
				CLANG_WARN_STRICT_PROTOTYPES = YES;
				CLANG_WARN_SUSPICIOUS_MOVE = YES;
				CLANG_WARN_UNGUARDED_AVAILABILITY = YES_AGGRESSIVE;
				CLANG_WARN_UNREACHABLE_CODE = YES;
				CLANG_WARN__DUPLICATE_METHOD_MATCH = YES;
				COPY_PHASE_STRIP = NO;
				DEBUG_INFORMATION_FORMAT = "dwarf-with-dsym";
				ENABLE_NS_ASSERTIONS = NO;
				ENABLE_STRICT_OBJC_MSGSEND = YES;
				GCC_C_LANGUAGE_STANDARD = gnu11;
				GCC_NO_COMMON_BLOCKS = YES;
				GCC_WARN_64_TO_32_BIT_CONVERSION = YES;
				GCC_WARN_ABOUT_RETURN_TYPE = YES_ERROR;
				GCC_WARN_UNDECLARED_SELECTOR = YES;
				GCC_WARN_UNINITIALIZED_AUTOS = YES_AGGRESSIVE;
				GCC_WARN_UNUSED_FUNCTION = YES;
				GCC_WARN_UNUSED_VARIABLE = YES;
				IPHONEOS_DEPLOYMENT_TARGET = 15.4;
				MTL_ENABLE_DEBUG_INFO = NO;
				MTL_FAST_MATH = YES;
				SDKROOT = iphoneos;
				SWIFT_COMPILATION_MODE = wholemodule;
				SWIFT_OPTIMIZATION_LEVEL = "-O";
				VALIDATE_PRODUCT = YES;
			};
			name = Release;
		};
		88DB5ADA2813FA6F005FB295 /* Debug */ = {
			isa = XCBuildConfiguration;
			buildSettings = {
				ASSETCATALOG_COMPILER_APPICON_NAME = AppIcon;
				ASSETCATALOG_COMPILER_GLOBAL_ACCENT_COLOR_NAME = AccentColor;
				CODE_SIGN_STYLE = Automatic;
				CURRENT_PROJECT_VERSION = 1;
				DEVELOPMENT_ASSET_PATHS = "\"Landmarks/Preview Content\"";
				DEVELOPMENT_TEAM = E3VU5U72W8;
				ENABLE_PREVIEWS = YES;
				GENERATE_INFOPLIST_FILE = YES;
				INFOPLIST_KEY_UIApplicationSceneManifest_Generation = YES;
				INFOPLIST_KEY_UIApplicationSupportsIndirectInputEvents = YES;
				INFOPLIST_KEY_UILaunchScreen_Generation = YES;
				INFOPLIST_KEY_UISupportedInterfaceOrientations_iPad = "UIInterfaceOrientationPortrait UIInterfaceOrientationPortraitUpsideDown UIInterfaceOrientationLandscapeLeft UIInterfaceOrientationLandscapeRight";
				INFOPLIST_KEY_UISupportedInterfaceOrientations_iPhone = "UIInterfaceOrientationPortrait UIInterfaceOrientationLandscapeLeft UIInterfaceOrientationLandscapeRight";
				LD_RUNPATH_SEARCH_PATHS = (
					"$(inherited)",
					"@executable_path/Frameworks",
				);
				MARKETING_VERSION = 1.0;
				PRODUCT_BUNDLE_IDENTIFIER = tomonakar.Landmarks;
				PRODUCT_NAME = "$(TARGET_NAME)";
				SWIFT_EMIT_LOC_STRINGS = YES;
				SWIFT_VERSION = 5.0;
				TARGETED_DEVICE_FAMILY = "1,2";
			};
			name = Debug;
		};
		88DB5ADB2813FA6F005FB295 /* Release */ = {
			isa = XCBuildConfiguration;
			buildSettings = {
				ASSETCATALOG_COMPILER_APPICON_NAME = AppIcon;
				ASSETCATALOG_COMPILER_GLOBAL_ACCENT_COLOR_NAME = AccentColor;
				CODE_SIGN_STYLE = Automatic;
				CURRENT_PROJECT_VERSION = 1;
				DEVELOPMENT_ASSET_PATHS = "\"Landmarks/Preview Content\"";
				DEVELOPMENT_TEAM = E3VU5U72W8;
				ENABLE_PREVIEWS = YES;
				GENERATE_INFOPLIST_FILE = YES;
				INFOPLIST_KEY_UIApplicationSceneManifest_Generation = YES;
				INFOPLIST_KEY_UIApplicationSupportsIndirectInputEvents = YES;
				INFOPLIST_KEY_UILaunchScreen_Generation = YES;
				INFOPLIST_KEY_UISupportedInterfaceOrientations_iPad = "UIInterfaceOrientationPortrait UIInterfaceOrientationPortraitUpsideDown UIInterfaceOrientationLandscapeLeft UIInterfaceOrientationLandscapeRight";
				INFOPLIST_KEY_UISupportedInterfaceOrientations_iPhone = "UIInterfaceOrientationPortrait UIInterfaceOrientationLandscapeLeft UIInterfaceOrientationLandscapeRight";
				LD_RUNPATH_SEARCH_PATHS = (
					"$(inherited)",
					"@executable_path/Frameworks",
				);
				MARKETING_VERSION = 1.0;
				PRODUCT_BUNDLE_IDENTIFIER = tomonakar.Landmarks;
				PRODUCT_NAME = "$(TARGET_NAME)";
				SWIFT_EMIT_LOC_STRINGS = YES;
				SWIFT_VERSION = 5.0;
				TARGETED_DEVICE_FAMILY = "1,2";
			};
			name = Release;
		};
/* End XCBuildConfiguration section */

/* Begin XCConfigurationList section */
		88DB5AC62813FA6B005FB295 /* Build configuration list for PBXProject "Landmarks" */ = {
			isa = XCConfigurationList;
			buildConfigurations = (
				88DB5AD72813FA6F005FB295 /* Debug */,
				88DB5AD82813FA6F005FB295 /* Release */,
			);
			defaultConfigurationIsVisible = 0;
			defaultConfigurationName = Release;
		};
		88DB5AD92813FA6F005FB295 /* Build configuration list for PBXNativeTarget "Landmarks" */ = {
			isa = XCConfigurationList;
			buildConfigurations = (
				88DB5ADA2813FA6F005FB295 /* Debug */,
				88DB5ADB2813FA6F005FB295 /* Release */,
			);
			defaultConfigurationIsVisible = 0;
			defaultConfigurationName = Release;
		};
/* End XCConfigurationList section */
	};
	rootObject = 88DB5AC32813FA6B005FB295 /* Project object */;
}
