// !$*UTF8*$!
{
	archiveVersion = 1;
	classes = {
	};
	objectVersion = 55;
	objects = {

/* Begin PBXBuildFile section */
		880AE5DD2814CD9E0005290B /* FavoriteButton.swift in Sources */ = {isa = PBXBuildFile; fileRef = 880AE5DC2814CD9E0005290B /* FavoriteButton.swift */; };
		880AE5E12814E8C20005290B /* HexagonParameters.swift in Sources */ = {isa = PBXBuildFile; fileRef = 880AE5E02814E8C20005290B /* HexagonParameters.swift */; };
		880AE5E32814EA3B0005290B /* BadgeBackground.swift in Sources */ = {isa = PBXBuildFile; fileRef = 880AE5E22814EA3B0005290B /* BadgeBackground.swift */; };
		880AE5E52814F9F90005290B /* BadgeSymbol.swift in Sources */ = {isa = PBXBuildFile; fileRef = 880AE5E42814F9F90005290B /* BadgeSymbol.swift */; };
		880AE5E72814FB200005290B /* RotatedBadgeSymbol.swift in Sources */ = {isa = PBXBuildFile; fileRef = 880AE5E62814FB200005290B /* RotatedBadgeSymbol.swift */; };
		880AE5E92814FBED0005290B /* Badge.swift in Sources */ = {isa = PBXBuildFile; fileRef = 880AE5E82814FBED0005290B /* Badge.swift */; };
		880AE5EE2815133F0005290B /* Hike.swift in Sources */ = {isa = PBXBuildFile; fileRef = 880AE5ED2815133F0005290B /* Hike.swift */; };
		8859B1042815190D005A5DB4 /* GraphCapsule.swift in Sources */ = {isa = PBXBuildFile; fileRef = 8859B1002815190D005A5DB4 /* GraphCapsule.swift */; };
		8859B1052815190D005A5DB4 /* HikeGraph.swift in Sources */ = {isa = PBXBuildFile; fileRef = 8859B1012815190D005A5DB4 /* HikeGraph.swift */; };
		8859B1062815190D005A5DB4 /* HikeDetail.swift in Sources */ = {isa = PBXBuildFile; fileRef = 8859B1022815190D005A5DB4 /* HikeDetail.swift */; };
		8859B1072815190D005A5DB4 /* HikeView.swift in Sources */ = {isa = PBXBuildFile; fileRef = 8859B1032815190D005A5DB4 /* HikeView.swift */; };
		8859B10A28152802005A5DB4 /* CategoryHome.swift in Sources */ = {isa = PBXBuildFile; fileRef = 8859B10928152802005A5DB4 /* CategoryHome.swift */; };
		8859B10C28152A2E005A5DB4 /* CategoryRow.swift in Sources */ = {isa = PBXBuildFile; fileRef = 8859B10B28152A2E005A5DB4 /* CategoryRow.swift */; };
		8859B10E28152B24005A5DB4 /* CategoryItem.swift in Sources */ = {isa = PBXBuildFile; fileRef = 8859B10D28152B24005A5DB4 /* CategoryItem.swift */; };
		8859B11028154228005A5DB4 /* Profile.swift in Sources */ = {isa = PBXBuildFile; fileRef = 8859B10F28154228005A5DB4 /* Profile.swift */; };
		8859B1132815426A005A5DB4 /* ProfileHost.swift in Sources */ = {isa = PBXBuildFile; fileRef = 8859B1122815426A005A5DB4 /* ProfileHost.swift */; };
		8859B11528154290005A5DB4 /* ProfileSummary.swift in Sources */ = {isa = PBXBuildFile; fileRef = 8859B11428154290005A5DB4 /* ProfileSummary.swift */; };
		8859B117281542DB005A5DB4 /* HikeBadge.swift in Sources */ = {isa = PBXBuildFile; fileRef = 8859B116281542DB005A5DB4 /* HikeBadge.swift */; };
		8859B11928154756005A5DB4 /* ProfileEditor.swift in Sources */ = {isa = PBXBuildFile; fileRef = 8859B11828154756005A5DB4 /* ProfileEditor.swift */; };
		8859B11C28154F2D005A5DB4 /* PageViewController.swift in Sources */ = {isa = PBXBuildFile; fileRef = 8859B11B28154F2D005A5DB4 /* PageViewController.swift */; };
		8859B11E28155089005A5DB4 /* FeatureCard.swift in Sources */ = {isa = PBXBuildFile; fileRef = 8859B11D28155089005A5DB4 /* FeatureCard.swift */; };
		8859B1202815511D005A5DB4 /* PageView.swift in Sources */ = {isa = PBXBuildFile; fileRef = 8859B11F2815511D005A5DB4 /* PageView.swift */; };
		8859B122281554DF005A5DB4 /* PageControl.swift in Sources */ = {isa = PBXBuildFile; fileRef = 8859B121281554DF005A5DB4 /* PageControl.swift */; };
		8859B12828155887005A5DB4 /* Assets.xcassets in Resources */ = {isa = PBXBuildFile; fileRef = 8859B12728155887005A5DB4 /* Assets.xcassets */; };
		8859B12E28155887005A5DB4 /* WatchLandmarks WatchKit Extension.appex in Embed App Extensions */ = {isa = PBXBuildFile; fileRef = 8859B12D28155887005A5DB4 /* WatchLandmarks WatchKit Extension.appex */; settings = {ATTRIBUTES = (RemoveHeadersOnCopy, ); }; };
		8859B13528155887005A5DB4 /* ContentView.swift in Sources */ = {isa = PBXBuildFile; fileRef = 8859B13428155887005A5DB4 /* ContentView.swift */; };
		8859B13728155887005A5DB4 /* NotificationController.swift in Sources */ = {isa = PBXBuildFile; fileRef = 8859B13628155887005A5DB4 /* NotificationController.swift */; };
		8859B13928155887005A5DB4 /* NotificationView.swift in Sources */ = {isa = PBXBuildFile; fileRef = 8859B13828155887005A5DB4 /* NotificationView.swift */; };
		8859B13B28155887005A5DB4 /* ComplicationController.swift in Sources */ = {isa = PBXBuildFile; fileRef = 8859B13A28155887005A5DB4 /* ComplicationController.swift */; };
		8859B13D28155888005A5DB4 /* Assets.xcassets in Resources */ = {isa = PBXBuildFile; fileRef = 8859B13C28155888005A5DB4 /* Assets.xcassets */; };
		8859B14028155888005A5DB4 /* Preview Assets.xcassets in Resources */ = {isa = PBXBuildFile; fileRef = 8859B13F28155888005A5DB4 /* Preview Assets.xcassets */; };
		8859B14528155888005A5DB4 /* WatchLandmarks.app in Embed Watch Content */ = {isa = PBXBuildFile; fileRef = 8859B12528155885005A5DB4 /* WatchLandmarks.app */; settings = {ATTRIBUTES = (RemoveHeadersOnCopy, ); }; };
		8859B14E2815740A005A5DB4 /* LandmarkRow.swift in Sources */ = {isa = PBXBuildFile; fileRef = 88711204281423FD0064D70E /* LandmarkRow.swift */; };
		8859B1502815740A005A5DB4 /* hikeData.json in Resources */ = {isa = PBXBuildFile; fileRef = 88DB5AE02813FAB8005FB295 /* hikeData.json */; };
		8859B1512815740A005A5DB4 /* CircleImage.swift in Sources */ = {isa = PBXBuildFile; fileRef = 88DB5AF92813FAF9005FB295 /* CircleImage.swift */; };
		8859B1522815740A005A5DB4 /* Assets.xcassets in Resources */ = {isa = PBXBuildFile; fileRef = 88DB5AD22813FA6F005FB295 /* Assets.xcassets */; };
		8859B1532815740A005A5DB4 /* LandmarksApp.swift in Sources */ = {isa = PBXBuildFile; fileRef = 88DB5ACE2813FA6B005FB295 /* LandmarksApp.swift */; };
		8859B1542815740A005A5DB4 /* MapView.swift in Sources */ = {isa = PBXBuildFile; fileRef = 88DB5AFB2813FB65005FB295 /* MapView.swift */; };
		8859B1552815740A005A5DB4 /* ModelData.swift in Sources */ = {isa = PBXBuildFile; fileRef = 8871120128141E260064D70E /* ModelData.swift */; };
		8859B1562815740A005A5DB4 /* Profile.swift in Sources */ = {isa = PBXBuildFile; fileRef = 8859B10F28154228005A5DB4 /* Profile.swift */; };
		8859B1572815740A005A5DB4 /* LandmarkList.swift in Sources */ = {isa = PBXBuildFile; fileRef = 88711206281426A70064D70E /* LandmarkList.swift */; };
		8859B1582815740A005A5DB4 /* landmarkData.json in Resources */ = {isa = PBXBuildFile; fileRef = 88711208281431900064D70E /* landmarkData.json */; };
		8859B1592815740A005A5DB4 /* FavoriteButton.swift in Sources */ = {isa = PBXBuildFile; fileRef = 880AE5DC2814CD9E0005290B /* FavoriteButton.swift */; };
		8859B15A2815740A005A5DB4 /* Hike.swift in Sources */ = {isa = PBXBuildFile; fileRef = 880AE5ED2815133F0005290B /* Hike.swift */; };
		8859B15B2815740A005A5DB4 /* Landmark.swift in Sources */ = {isa = PBXBuildFile; fileRef = 887111FF28140E070064D70E /* Landmark.swift */; };
		8859B15D281574D8005A5DB4 /* LandmarkDetail.swift in Sources */ = {isa = PBXBuildFile; fileRef = 8859B15C281574D8005A5DB4 /* LandmarkDetail.swift */; };
		8871120028140E070064D70E /* Landmark.swift in Sources */ = {isa = PBXBuildFile; fileRef = 887111FF28140E070064D70E /* Landmark.swift */; };
		8871120228141E260064D70E /* ModelData.swift in Sources */ = {isa = PBXBuildFile; fileRef = 8871120128141E260064D70E /* ModelData.swift */; };
		88711205281423FD0064D70E /* LandmarkRow.swift in Sources */ = {isa = PBXBuildFile; fileRef = 88711204281423FD0064D70E /* LandmarkRow.swift */; };
		88711207281426A70064D70E /* LandmarkList.swift in Sources */ = {isa = PBXBuildFile; fileRef = 88711206281426A70064D70E /* LandmarkList.swift */; };
		88711209281431900064D70E /* landmarkData.json in Resources */ = {isa = PBXBuildFile; fileRef = 88711208281431900064D70E /* landmarkData.json */; };
		8871120E2814CD360064D70E /* ContentView.swift in Sources */ = {isa = PBXBuildFile; fileRef = 8871120C2814CC060064D70E /* ContentView.swift */; };
		88DB5ACF2813FA6B005FB295 /* LandmarksApp.swift in Sources */ = {isa = PBXBuildFile; fileRef = 88DB5ACE2813FA6B005FB295 /* LandmarksApp.swift */; };
		88DB5AD32813FA6F005FB295 /* Assets.xcassets in Resources */ = {isa = PBXBuildFile; fileRef = 88DB5AD22813FA6F005FB295 /* Assets.xcassets */; };
		88DB5AD62813FA6F005FB295 /* Preview Assets.xcassets in Resources */ = {isa = PBXBuildFile; fileRef = 88DB5AD52813FA6F005FB295 /* Preview Assets.xcassets */; };
		88DB5AEB2813FAB8005FB295 /* charleyrivers.jpg in Resources */ = {isa = PBXBuildFile; fileRef = 88DB5ADD2813FAB8005FB295 /* charleyrivers.jpg */; };
		88DB5AEC2813FAB8005FB295 /* turtlerock.jpg in Resources */ = {isa = PBXBuildFile; fileRef = 88DB5ADE2813FAB8005FB295 /* turtlerock.jpg */; };
		88DB5AED2813FAB8005FB295 /* silversalmoncreek.jpg in Resources */ = {isa = PBXBuildFile; fileRef = 88DB5ADF2813FAB8005FB295 /* silversalmoncreek.jpg */; };
		88DB5AEE2813FAB8005FB295 /* hikeData.json in Resources */ = {isa = PBXBuildFile; fileRef = 88DB5AE02813FAB8005FB295 /* hikeData.json */; };
		88DB5AEF2813FAB8005FB295 /* icybay.jpg in Resources */ = {isa = PBXBuildFile; fileRef = 88DB5AE12813FAB8005FB295 /* icybay.jpg */; };
		88DB5AF02813FAB8005FB295 /* lakemcdonald.jpg in Resources */ = {isa = PBXBuildFile; fileRef = 88DB5AE22813FAB8005FB295 /* lakemcdonald.jpg */; };
		88DB5AF12813FAB8005FB295 /* hiddenlake.jpg in Resources */ = {isa = PBXBuildFile; fileRef = 88DB5AE32813FAB8005FB295 /* hiddenlake.jpg */; };
		88DB5AF22813FAB8005FB295 /* twinlake.jpg in Resources */ = {isa = PBXBuildFile; fileRef = 88DB5AE42813FAB8005FB295 /* twinlake.jpg */; };
		88DB5AF32813FAB8005FB295 /* umbagog.jpg in Resources */ = {isa = PBXBuildFile; fileRef = 88DB5AE52813FAB8005FB295 /* umbagog.jpg */; };
		88DB5AF52813FAB8005FB295 /* chincoteague.jpg in Resources */ = {isa = PBXBuildFile; fileRef = 88DB5AE72813FAB8005FB295 /* chincoteague.jpg */; };
		88DB5AF62813FAB8005FB295 /* stmarylake.jpg in Resources */ = {isa = PBXBuildFile; fileRef = 88DB5AE82813FAB8005FB295 /* stmarylake.jpg */; };
		88DB5AF72813FAB8005FB295 /* chilkoottrail.jpg in Resources */ = {isa = PBXBuildFile; fileRef = 88DB5AE92813FAB8005FB295 /* chilkoottrail.jpg */; };
		88DB5AF82813FAB8005FB295 /* rainbowlake.jpg in Resources */ = {isa = PBXBuildFile; fileRef = 88DB5AEA2813FAB8005FB295 /* rainbowlake.jpg */; };
		88DB5AFA2813FAF9005FB295 /* CircleImage.swift in Sources */ = {isa = PBXBuildFile; fileRef = 88DB5AF92813FAF9005FB295 /* CircleImage.swift */; };
		88DB5AFC2813FB65005FB295 /* MapView.swift in Sources */ = {isa = PBXBuildFile; fileRef = 88DB5AFB2813FB65005FB295 /* MapView.swift */; };
		88DB5B00281409B7005FB295 /* LandmarkDetail.swift in Sources */ = {isa = PBXBuildFile; fileRef = 88DB5AD02813FA6B005FB295 /* LandmarkDetail.swift */; };
/* End PBXBuildFile section */

/* Begin PBXContainerItemProxy section */
		8859B12F28155887005A5DB4 /* PBXContainerItemProxy */ = {
			isa = PBXContainerItemProxy;
			containerPortal = 88DB5AC32813FA6B005FB295 /* Project object */;
			proxyType = 1;
			remoteGlobalIDString = 8859B12C28155887005A5DB4;
			remoteInfo = "WatchLandmarks WatchKit Extension";
		};
		8859B14328155888005A5DB4 /* PBXContainerItemProxy */ = {
			isa = PBXContainerItemProxy;
			containerPortal = 88DB5AC32813FA6B005FB295 /* Project object */;
			proxyType = 1;
			remoteGlobalIDString = 8859B12428155885005A5DB4;
			remoteInfo = WatchLandmarks;
		};
/* End PBXContainerItemProxy section */

/* Begin PBXCopyFilesBuildPhase section */
		8859B14928155888005A5DB4 /* Embed App Extensions */ = {
			isa = PBXCopyFilesBuildPhase;
			buildActionMask = 2147483647;
			dstPath = "";
			dstSubfolderSpec = 13;
			files = (
				8859B12E28155887005A5DB4 /* WatchLandmarks WatchKit Extension.appex in Embed App Extensions */,
			);
			name = "Embed App Extensions";
			runOnlyForDeploymentPostprocessing = 0;
		};
		8859B14D28155888005A5DB4 /* Embed Watch Content */ = {
			isa = PBXCopyFilesBuildPhase;
			buildActionMask = 2147483647;
			dstPath = "$(CONTENTS_FOLDER_PATH)/Watch";
			dstSubfolderSpec = 16;
			files = (
				8859B14528155888005A5DB4 /* WatchLandmarks.app in Embed Watch Content */,
			);
			name = "Embed Watch Content";
			runOnlyForDeploymentPostprocessing = 0;
		};
/* End PBXCopyFilesBuildPhase section */

/* Begin PBXFileReference section */
		880AE5DC2814CD9E0005290B /* FavoriteButton.swift */ = {isa = PBXFileReference; lastKnownFileType = sourcecode.swift; path = FavoriteButton.swift; sourceTree = "<group>"; };
		880AE5E02814E8C20005290B /* HexagonParameters.swift */ = {isa = PBXFileReference; lastKnownFileType = sourcecode.swift; path = HexagonParameters.swift; sourceTree = "<group>"; };
		880AE5E22814EA3B0005290B /* BadgeBackground.swift */ = {isa = PBXFileReference; lastKnownFileType = sourcecode.swift; path = BadgeBackground.swift; sourceTree = "<group>"; };
		880AE5E42814F9F90005290B /* BadgeSymbol.swift */ = {isa = PBXFileReference; lastKnownFileType = sourcecode.swift; path = BadgeSymbol.swift; sourceTree = "<group>"; };
		880AE5E62814FB200005290B /* RotatedBadgeSymbol.swift */ = {isa = PBXFileReference; lastKnownFileType = sourcecode.swift; path = RotatedBadgeSymbol.swift; sourceTree = "<group>"; };
		880AE5E82814FBED0005290B /* Badge.swift */ = {isa = PBXFileReference; lastKnownFileType = sourcecode.swift; path = Badge.swift; sourceTree = "<group>"; };
		880AE5ED2815133F0005290B /* Hike.swift */ = {isa = PBXFileReference; lastKnownFileType = sourcecode.swift; path = Hike.swift; sourceTree = "<group>"; };
		8859B1002815190D005A5DB4 /* GraphCapsule.swift */ = {isa = PBXFileReference; fileEncoding = 4; lastKnownFileType = sourcecode.swift; path = GraphCapsule.swift; sourceTree = "<group>"; };
		8859B1012815190D005A5DB4 /* HikeGraph.swift */ = {isa = PBXFileReference; fileEncoding = 4; lastKnownFileType = sourcecode.swift; path = HikeGraph.swift; sourceTree = "<group>"; };
		8859B1022815190D005A5DB4 /* HikeDetail.swift */ = {isa = PBXFileReference; fileEncoding = 4; lastKnownFileType = sourcecode.swift; path = HikeDetail.swift; sourceTree = "<group>"; };
		8859B1032815190D005A5DB4 /* HikeView.swift */ = {isa = PBXFileReference; fileEncoding = 4; lastKnownFileType = sourcecode.swift; path = HikeView.swift; sourceTree = "<group>"; };
		8859B10928152802005A5DB4 /* CategoryHome.swift */ = {isa = PBXFileReference; lastKnownFileType = sourcecode.swift; path = CategoryHome.swift; sourceTree = "<group>"; };
		8859B10B28152A2E005A5DB4 /* CategoryRow.swift */ = {isa = PBXFileReference; lastKnownFileType = sourcecode.swift; path = CategoryRow.swift; sourceTree = "<group>"; };
		8859B10D28152B24005A5DB4 /* CategoryItem.swift */ = {isa = PBXFileReference; lastKnownFileType = sourcecode.swift; path = CategoryItem.swift; sourceTree = "<group>"; };
		8859B10F28154228005A5DB4 /* Profile.swift */ = {isa = PBXFileReference; lastKnownFileType = sourcecode.swift; path = Profile.swift; sourceTree = "<group>"; };
		8859B1122815426A005A5DB4 /* ProfileHost.swift */ = {isa = PBXFileReference; lastKnownFileType = sourcecode.swift; path = ProfileHost.swift; sourceTree = "<group>"; };
		8859B11428154290005A5DB4 /* ProfileSummary.swift */ = {isa = PBXFileReference; lastKnownFileType = sourcecode.swift; path = ProfileSummary.swift; sourceTree = "<group>"; };
		8859B116281542DB005A5DB4 /* HikeBadge.swift */ = {isa = PBXFileReference; lastKnownFileType = sourcecode.swift; path = HikeBadge.swift; sourceTree = "<group>"; };
		8859B11828154756005A5DB4 /* ProfileEditor.swift */ = {isa = PBXFileReference; lastKnownFileType = sourcecode.swift; path = ProfileEditor.swift; sourceTree = "<group>"; };
		8859B11B28154F2D005A5DB4 /* PageViewController.swift */ = {isa = PBXFileReference; lastKnownFileType = sourcecode.swift; path = PageViewController.swift; sourceTree = "<group>"; };
		8859B11D28155089005A5DB4 /* FeatureCard.swift */ = {isa = PBXFileReference; lastKnownFileType = sourcecode.swift; path = FeatureCard.swift; sourceTree = "<group>"; };
		8859B11F2815511D005A5DB4 /* PageView.swift */ = {isa = PBXFileReference; lastKnownFileType = sourcecode.swift; path = PageView.swift; sourceTree = "<group>"; };
		8859B121281554DF005A5DB4 /* PageControl.swift */ = {isa = PBXFileReference; lastKnownFileType = sourcecode.swift; path = PageControl.swift; sourceTree = "<group>"; };
		8859B12528155885005A5DB4 /* WatchLandmarks.app */ = {isa = PBXFileReference; explicitFileType = wrapper.application; includeInIndex = 0; path = WatchLandmarks.app; sourceTree = BUILT_PRODUCTS_DIR; };
		8859B12728155887005A5DB4 /* Assets.xcassets */ = {isa = PBXFileReference; lastKnownFileType = folder.assetcatalog; path = Assets.xcassets; sourceTree = "<group>"; };
		8859B12D28155887005A5DB4 /* WatchLandmarks WatchKit Extension.appex */ = {isa = PBXFileReference; explicitFileType = "wrapper.app-extension"; includeInIndex = 0; path = "WatchLandmarks WatchKit Extension.appex"; sourceTree = BUILT_PRODUCTS_DIR; };
		8859B13428155887005A5DB4 /* ContentView.swift */ = {isa = PBXFileReference; lastKnownFileType = sourcecode.swift; path = ContentView.swift; sourceTree = "<group>"; };
		8859B13628155887005A5DB4 /* NotificationController.swift */ = {isa = PBXFileReference; lastKnownFileType = sourcecode.swift; path = NotificationController.swift; sourceTree = "<group>"; };
		8859B13828155887005A5DB4 /* NotificationView.swift */ = {isa = PBXFileReference; lastKnownFileType = sourcecode.swift; path = NotificationView.swift; sourceTree = "<group>"; };
		8859B13A28155887005A5DB4 /* ComplicationController.swift */ = {isa = PBXFileReference; lastKnownFileType = sourcecode.swift; path = ComplicationController.swift; sourceTree = "<group>"; };
		8859B13C28155888005A5DB4 /* Assets.xcassets */ = {isa = PBXFileReference; lastKnownFileType = folder.assetcatalog; path = Assets.xcassets; sourceTree = "<group>"; };
		8859B13F28155888005A5DB4 /* Preview Assets.xcassets */ = {isa = PBXFileReference; lastKnownFileType = folder.assetcatalog; path = "Preview Assets.xcassets"; sourceTree = "<group>"; };
		8859B14128155888005A5DB4 /* Info.plist */ = {isa = PBXFileReference; lastKnownFileType = text.plist.xml; path = Info.plist; sourceTree = "<group>"; };
		8859B14228155888005A5DB4 /* PushNotificationPayload.apns */ = {isa = PBXFileReference; lastKnownFileType = text; path = PushNotificationPayload.apns; sourceTree = "<group>"; };
		8859B15C281574D8005A5DB4 /* LandmarkDetail.swift */ = {isa = PBXFileReference; lastKnownFileType = sourcecode.swift; path = LandmarkDetail.swift; sourceTree = "<group>"; };
		887111FF28140E070064D70E /* Landmark.swift */ = {isa = PBXFileReference; lastKnownFileType = sourcecode.swift; path = Landmark.swift; sourceTree = "<group>"; };
		8871120128141E260064D70E /* ModelData.swift */ = {isa = PBXFileReference; lastKnownFileType = sourcecode.swift; path = ModelData.swift; sourceTree = "<group>"; };
		88711204281423FD0064D70E /* LandmarkRow.swift */ = {isa = PBXFileReference; lastKnownFileType = sourcecode.swift; path = LandmarkRow.swift; sourceTree = "<group>"; };
		88711206281426A70064D70E /* LandmarkList.swift */ = {isa = PBXFileReference; lastKnownFileType = sourcecode.swift; path = LandmarkList.swift; sourceTree = "<group>"; };
		88711208281431900064D70E /* landmarkData.json */ = {isa = PBXFileReference; fileEncoding = 4; lastKnownFileType = text.json; name = landmarkData.json; path = ../../../../../Downloads/BuildingListsAndNavigation/Resources/landmarkData.json; sourceTree = "<group>"; };
		8871120C2814CC060064D70E /* ContentView.swift */ = {isa = PBXFileReference; lastKnownFileType = sourcecode.swift; path = ContentView.swift; sourceTree = "<group>"; };
		88DB5ACB2813FA6B005FB295 /* Landmarks.app */ = {isa = PBXFileReference; explicitFileType = wrapper.application; includeInIndex = 0; path = Landmarks.app; sourceTree = BUILT_PRODUCTS_DIR; };
		88DB5ACE2813FA6B005FB295 /* LandmarksApp.swift */ = {isa = PBXFileReference; lastKnownFileType = sourcecode.swift; path = LandmarksApp.swift; sourceTree = "<group>"; };
		88DB5AD02813FA6B005FB295 /* LandmarkDetail.swift */ = {isa = PBXFileReference; lastKnownFileType = sourcecode.swift; path = LandmarkDetail.swift; sourceTree = "<group>"; };
		88DB5AD22813FA6F005FB295 /* Assets.xcassets */ = {isa = PBXFileReference; lastKnownFileType = folder.assetcatalog; path = Assets.xcassets; sourceTree = "<group>"; };
		88DB5AD52813FA6F005FB295 /* Preview Assets.xcassets */ = {isa = PBXFileReference; lastKnownFileType = folder.assetcatalog; path = "Preview Assets.xcassets"; sourceTree = "<group>"; };
		88DB5ADD2813FAB8005FB295 /* charleyrivers.jpg */ = {isa = PBXFileReference; lastKnownFileType = image.jpeg; path = charleyrivers.jpg; sourceTree = "<group>"; };
		88DB5ADE2813FAB8005FB295 /* turtlerock.jpg */ = {isa = PBXFileReference; lastKnownFileType = image.jpeg; path = turtlerock.jpg; sourceTree = "<group>"; };
		88DB5ADF2813FAB8005FB295 /* silversalmoncreek.jpg */ = {isa = PBXFileReference; lastKnownFileType = image.jpeg; path = silversalmoncreek.jpg; sourceTree = "<group>"; };
		88DB5AE02813FAB8005FB295 /* hikeData.json */ = {isa = PBXFileReference; fileEncoding = 4; lastKnownFileType = text.json; path = hikeData.json; sourceTree = "<group>"; };
		88DB5AE12813FAB8005FB295 /* icybay.jpg */ = {isa = PBXFileReference; lastKnownFileType = image.jpeg; path = icybay.jpg; sourceTree = "<group>"; };
		88DB5AE22813FAB8005FB295 /* lakemcdonald.jpg */ = {isa = PBXFileReference; lastKnownFileType = image.jpeg; path = lakemcdonald.jpg; sourceTree = "<group>"; };
		88DB5AE32813FAB8005FB295 /* hiddenlake.jpg */ = {isa = PBXFileReference; lastKnownFileType = image.jpeg; path = hiddenlake.jpg; sourceTree = "<group>"; };
		88DB5AE42813FAB8005FB295 /* twinlake.jpg */ = {isa = PBXFileReference; lastKnownFileType = image.jpeg; path = twinlake.jpg; sourceTree = "<group>"; };
		88DB5AE52813FAB8005FB295 /* umbagog.jpg */ = {isa = PBXFileReference; lastKnownFileType = image.jpeg; path = umbagog.jpg; sourceTree = "<group>"; };
		88DB5AE72813FAB8005FB295 /* chincoteague.jpg */ = {isa = PBXFileReference; lastKnownFileType = image.jpeg; path = chincoteague.jpg; sourceTree = "<group>"; };
		88DB5AE82813FAB8005FB295 /* stmarylake.jpg */ = {isa = PBXFileReference; lastKnownFileType = image.jpeg; path = stmarylake.jpg; sourceTree = "<group>"; };
		88DB5AE92813FAB8005FB295 /* chilkoottrail.jpg */ = {isa = PBXFileReference; lastKnownFileType = image.jpeg; path = chilkoottrail.jpg; sourceTree = "<group>"; };
		88DB5AEA2813FAB8005FB295 /* rainbowlake.jpg */ = {isa = PBXFileReference; lastKnownFileType = image.jpeg; path = rainbowlake.jpg; sourceTree = "<group>"; };
		88DB5AF92813FAF9005FB295 /* CircleImage.swift */ = {isa = PBXFileReference; lastKnownFileType = sourcecode.swift; path = CircleImage.swift; sourceTree = "<group>"; };
		88DB5AFB2813FB65005FB295 /* MapView.swift */ = {isa = PBXFileReference; lastKnownFileType = sourcecode.swift; path = MapView.swift; sourceTree = "<group>"; };
/* End PBXFileReference section */

/* Begin PBXFrameworksBuildPhase section */
		8859B12A28155887005A5DB4 /* Frameworks */ = {
			isa = PBXFrameworksBuildPhase;
			buildActionMask = 2147483647;
			files = (
			);
			runOnlyForDeploymentPostprocessing = 0;
		};
		88DB5AC82813FA6B005FB295 /* Frameworks */ = {
			isa = PBXFrameworksBuildPhase;
			buildActionMask = 2147483647;
			files = (
			);
			runOnlyForDeploymentPostprocessing = 0;
		};
/* End PBXFrameworksBuildPhase section */

/* Begin PBXGroup section */
		880AE5DE2814D06B0005290B /* Landmarks */ = {
			isa = PBXGroup;
			children = (
				88711204281423FD0064D70E /* LandmarkRow.swift */,
				88711206281426A70064D70E /* LandmarkList.swift */,
				88DB5AD02813FA6B005FB295 /* LandmarkDetail.swift */,
			);
			path = Landmarks;
			sourceTree = "<group>";
		};
		880AE5DF2814D0940005290B /* Helpers */ = {
			isa = PBXGroup;
			children = (
				88DB5AF92813FAF9005FB295 /* CircleImage.swift */,
				88DB5AFB2813FB65005FB295 /* MapView.swift */,
				880AE5DC2814CD9E0005290B /* FavoriteButton.swift */,
			);
			path = Helpers;
			sourceTree = "<group>";
		};
		880AE5EA2814FEDF0005290B /* Badges */ = {
			isa = PBXGroup;
			children = (
				880AE5E02814E8C20005290B /* HexagonParameters.swift */,
				880AE5E22814EA3B0005290B /* BadgeBackground.swift */,
				880AE5E42814F9F90005290B /* BadgeSymbol.swift */,
				880AE5E62814FB200005290B /* RotatedBadgeSymbol.swift */,
				880AE5E82814FBED0005290B /* Badge.swift */,
			);
			path = Badges;
			sourceTree = "<group>";
		};
		8859B0FF2815190D005A5DB4 /* Hikes */ = {
			isa = PBXGroup;
			children = (
				8859B1002815190D005A5DB4 /* GraphCapsule.swift */,
				8859B1012815190D005A5DB4 /* HikeGraph.swift */,
				8859B1022815190D005A5DB4 /* HikeDetail.swift */,
				8859B1032815190D005A5DB4 /* HikeView.swift */,
				8859B116281542DB005A5DB4 /* HikeBadge.swift */,
			);
			path = Hikes;
			sourceTree = "<group>";
		};
		8859B108281527E2005A5DB4 /* Categories */ = {
			isa = PBXGroup;
			children = (
				8859B10928152802005A5DB4 /* CategoryHome.swift */,
				8859B10B28152A2E005A5DB4 /* CategoryRow.swift */,
				8859B10D28152B24005A5DB4 /* CategoryItem.swift */,
			);
			path = Categories;
			sourceTree = "<group>";
		};
		8859B1112815424E005A5DB4 /* Profiles */ = {
			isa = PBXGroup;
			children = (
				8859B1122815426A005A5DB4 /* ProfileHost.swift */,
				8859B11428154290005A5DB4 /* ProfileSummary.swift */,
				8859B11828154756005A5DB4 /* ProfileEditor.swift */,
			);
			path = Profiles;
			sourceTree = "<group>";
		};
		8859B11A28154F03005A5DB4 /* PageView */ = {
			isa = PBXGroup;
			children = (
				8859B11B28154F2D005A5DB4 /* PageViewController.swift */,
				8859B11D28155089005A5DB4 /* FeatureCard.swift */,
				8859B11F2815511D005A5DB4 /* PageView.swift */,
				8859B121281554DF005A5DB4 /* PageControl.swift */,
			);
			path = PageView;
			sourceTree = "<group>";
		};
		8859B12628155885005A5DB4 /* WatchLandmarks */ = {
			isa = PBXGroup;
			children = (
				8859B12728155887005A5DB4 /* Assets.xcassets */,
			);
			path = WatchLandmarks;
			sourceTree = "<group>";
		};
		8859B13128155887005A5DB4 /* WatchLandmarks WatchKit Extension */ = {
			isa = PBXGroup;
			children = (
				8859B15C281574D8005A5DB4 /* LandmarkDetail.swift */,
				8859B13428155887005A5DB4 /* ContentView.swift */,
				8859B13628155887005A5DB4 /* NotificationController.swift */,
				8859B13828155887005A5DB4 /* NotificationView.swift */,
				8859B13A28155887005A5DB4 /* ComplicationController.swift */,
				8859B13C28155888005A5DB4 /* Assets.xcassets */,
				8859B14128155888005A5DB4 /* Info.plist */,
				8859B14228155888005A5DB4 /* PushNotificationPayload.apns */,
				8859B13E28155888005A5DB4 /* Preview Content */,
			);
			path = "WatchLandmarks WatchKit Extension";
			sourceTree = "<group>";
		};
		8859B13E28155888005A5DB4 /* Preview Content */ = {
			isa = PBXGroup;
			children = (
				8859B13F28155888005A5DB4 /* Preview Assets.xcassets */,
			);
			path = "Preview Content";
			sourceTree = "<group>";
		};
		887111FE28140D9C0064D70E /* Models */ = {
			isa = PBXGroup;
			children = (
				880AE5ED2815133F0005290B /* Hike.swift */,
				887111FF28140E070064D70E /* Landmark.swift */,
				8871120128141E260064D70E /* ModelData.swift */,
				8859B10F28154228005A5DB4 /* Profile.swift */,
			);
			path = Models;
			sourceTree = "<group>";
		};
		88711203281423B40064D70E /* Views */ = {
			isa = PBXGroup;
			children = (
				8859B11A28154F03005A5DB4 /* PageView */,
				8859B1112815424E005A5DB4 /* Profiles */,
				8859B108281527E2005A5DB4 /* Categories */,
				8871120C2814CC060064D70E /* ContentView.swift */,
				8859B0FF2815190D005A5DB4 /* Hikes */,
				880AE5DE2814D06B0005290B /* Landmarks */,
				880AE5EA2814FEDF0005290B /* Badges */,
				880AE5DF2814D0940005290B /* Helpers */,
			);
			path = Views;
			sourceTree = "<group>";
		};
		88DB5AC22813FA6B005FB295 = {
			isa = PBXGroup;
			children = (
				88DB5ACD2813FA6B005FB295 /* Landmarks */,
				8859B12628155885005A5DB4 /* WatchLandmarks */,
				8859B13128155887005A5DB4 /* WatchLandmarks WatchKit Extension */,
				88DB5ACC2813FA6B005FB295 /* Products */,
			);
			sourceTree = "<group>";
		};
		88DB5ACC2813FA6B005FB295 /* Products */ = {
			isa = PBXGroup;
			children = (
				88DB5ACB2813FA6B005FB295 /* Landmarks.app */,
				8859B12528155885005A5DB4 /* WatchLandmarks.app */,
				8859B12D28155887005A5DB4 /* WatchLandmarks WatchKit Extension.appex */,
			);
			name = Products;
			sourceTree = "<group>";
		};
		88DB5ACD2813FA6B005FB295 /* Landmarks */ = {
			isa = PBXGroup;
			children = (
				88DB5ACE2813FA6B005FB295 /* LandmarksApp.swift */,
				88711203281423B40064D70E /* Views */,
				887111FE28140D9C0064D70E /* Models */,
				88DB5ADC2813FAB8005FB295 /* Resources */,
				88DB5AD22813FA6F005FB295 /* Assets.xcassets */,
				88DB5AD42813FA6F005FB295 /* Preview Content */,
			);
			path = Landmarks;
			sourceTree = "<group>";
		};
		88DB5AD42813FA6F005FB295 /* Preview Content */ = {
			isa = PBXGroup;
			children = (
				88DB5AD52813FA6F005FB295 /* Preview Assets.xcassets */,
			);
			path = "Preview Content";
			sourceTree = "<group>";
		};
		88DB5ADC2813FAB8005FB295 /* Resources */ = {
			isa = PBXGroup;
			children = (
				88711208281431900064D70E /* landmarkData.json */,
				88DB5ADD2813FAB8005FB295 /* charleyrivers.jpg */,
				88DB5ADE2813FAB8005FB295 /* turtlerock.jpg */,
				88DB5ADF2813FAB8005FB295 /* silversalmoncreek.jpg */,
				88DB5AE12813FAB8005FB295 /* icybay.jpg */,
				88DB5AE22813FAB8005FB295 /* lakemcdonald.jpg */,
				88DB5AE32813FAB8005FB295 /* hiddenlake.jpg */,
				88DB5AE42813FAB8005FB295 /* twinlake.jpg */,
				88DB5AE52813FAB8005FB295 /* umbagog.jpg */,
				88DB5AE72813FAB8005FB295 /* chincoteague.jpg */,
				88DB5AE82813FAB8005FB295 /* stmarylake.jpg */,
				88DB5AE92813FAB8005FB295 /* chilkoottrail.jpg */,
				88DB5AEA2813FAB8005FB295 /* rainbowlake.jpg */,
				88DB5AE02813FAB8005FB295 /* hikeData.json */,
			);
			path = Resources;
			sourceTree = "<group>";
		};
/* End PBXGroup section */

/* Begin PBXNativeTarget section */
		8859B12428155885005A5DB4 /* WatchLandmarks */ = {
			isa = PBXNativeTarget;
			buildConfigurationList = 8859B14A28155888005A5DB4 /* Build configuration list for PBXNativeTarget "WatchLandmarks" */;
			buildPhases = (
				8859B12328155885005A5DB4 /* Resources */,
				8859B14928155888005A5DB4 /* Embed App Extensions */,
			);
			buildRules = (
			);
			dependencies = (
				8859B13028155887005A5DB4 /* PBXTargetDependency */,
			);
			name = WatchLandmarks;
			productName = WatchLandmarks;
			productReference = 8859B12528155885005A5DB4 /* WatchLandmarks.app */;
			productType = "com.apple.product-type.application.watchapp2";
		};
		8859B12C28155887005A5DB4 /* WatchLandmarks WatchKit Extension */ = {
			isa = PBXNativeTarget;
			buildConfigurationList = 8859B14628155888005A5DB4 /* Build configuration list for PBXNativeTarget "WatchLandmarks WatchKit Extension" */;
			buildPhases = (
				8859B12928155887005A5DB4 /* Sources */,
				8859B12A28155887005A5DB4 /* Frameworks */,
				8859B12B28155887005A5DB4 /* Resources */,
			);
			buildRules = (
			);
			dependencies = (
			);
			name = "WatchLandmarks WatchKit Extension";
			productName = "WatchLandmarks WatchKit Extension";
			productReference = 8859B12D28155887005A5DB4 /* WatchLandmarks WatchKit Extension.appex */;
			productType = "com.apple.product-type.watchkit2-extension";
		};
		88DB5ACA2813FA6B005FB295 /* Landmarks */ = {
			isa = PBXNativeTarget;
			buildConfigurationList = 88DB5AD92813FA6F005FB295 /* Build configuration list for PBXNativeTarget "Landmarks" */;
			buildPhases = (
				88DB5AC72813FA6B005FB295 /* Sources */,
				88DB5AC82813FA6B005FB295 /* Frameworks */,
				88DB5AC92813FA6B005FB295 /* Resources */,
				8859B14D28155888005A5DB4 /* Embed Watch Content */,
			);
			buildRules = (
			);
			dependencies = (
				8859B14428155888005A5DB4 /* PBXTargetDependency */,
			);
			name = Landmarks;
			productName = Landmarks;
			productReference = 88DB5ACB2813FA6B005FB295 /* Landmarks.app */;
			productType = "com.apple.product-type.application";
		};
/* End PBXNativeTarget section */

/* Begin PBXProject section */
		88DB5AC32813FA6B005FB295 /* Project object */ = {
			isa = PBXProject;
			attributes = {
				BuildIndependentTargetsInParallel = 1;
				LastSwiftUpdateCheck = 1330;
				LastUpgradeCheck = 1330;
				TargetAttributes = {
					8859B12428155885005A5DB4 = {
						CreatedOnToolsVersion = 13.3.1;
					};
					8859B12C28155887005A5DB4 = {
						CreatedOnToolsVersion = 13.3.1;
					};
					88DB5ACA2813FA6B005FB295 = {
						CreatedOnToolsVersion = 13.3.1;
					};
				};
			};
			buildConfigurationList = 88DB5AC62813FA6B005FB295 /* Build configuration list for PBXProject "Landmarks" */;
			compatibilityVersion = "Xcode 13.0";
			developmentRegion = en;
			hasScannedForEncodings = 0;
			knownRegions = (
				en,
				Base,
			);
			mainGroup = 88DB5AC22813FA6B005FB295;
			productRefGroup = 88DB5ACC2813FA6B005FB295 /* Products */;
			projectDirPath = "";
			projectRoot = "";
			targets = (
				88DB5ACA2813FA6B005FB295 /* Landmarks */,
				8859B12428155885005A5DB4 /* WatchLandmarks */,
				8859B12C28155887005A5DB4 /* WatchLandmarks WatchKit Extension */,
			);
		};
/* End PBXProject section */

/* Begin PBXResourcesBuildPhase section */
		8859B12328155885005A5DB4 /* Resources */ = {
			isa = PBXResourcesBuildPhase;
			buildActionMask = 2147483647;
			files = (
				8859B12828155887005A5DB4 /* Assets.xcassets in Resources */,
			);
			runOnlyForDeploymentPostprocessing = 0;
		};
		8859B12B28155887005A5DB4 /* Resources */ = {
			isa = PBXResourcesBuildPhase;
			buildActionMask = 2147483647;
			files = (
				8859B14028155888005A5DB4 /* Preview Assets.xcassets in Resources */,
				8859B1502815740A005A5DB4 /* hikeData.json in Resources */,
				8859B1522815740A005A5DB4 /* Assets.xcassets in Resources */,
				8859B1582815740A005A5DB4 /* landmarkData.json in Resources */,
				8859B13D28155888005A5DB4 /* Assets.xcassets in Resources */,
			);
			runOnlyForDeploymentPostprocessing = 0;
		};
		88DB5AC92813FA6B005FB295 /* Resources */ = {
			isa = PBXResourcesBuildPhase;
			buildActionMask = 2147483647;
			files = (
				88DB5AED2813FAB8005FB295 /* silversalmoncreek.jpg in Resources */,
				88DB5AEC2813FAB8005FB295 /* turtlerock.jpg in Resources */,
				88DB5AEB2813FAB8005FB295 /* charleyrivers.jpg in Resources */,
				88711209281431900064D70E /* landmarkData.json in Resources */,
				88DB5AD62813FA6F005FB295 /* Preview Assets.xcassets in Resources */,
				88DB5AEE2813FAB8005FB295 /* hikeData.json in Resources */,
				88DB5AF52813FAB8005FB295 /* chincoteague.jpg in Resources */,
				88DB5AF62813FAB8005FB295 /* stmarylake.jpg in Resources */,
				88DB5AEF2813FAB8005FB295 /* icybay.jpg in Resources */,
				88DB5AF22813FAB8005FB295 /* twinlake.jpg in Resources */,
				88DB5AF02813FAB8005FB295 /* lakemcdonald.jpg in Resources */,
				88DB5AF12813FAB8005FB295 /* hiddenlake.jpg in Resources */,
				88DB5AF32813FAB8005FB295 /* umbagog.jpg in Resources */,
				88DB5AF82813FAB8005FB295 /* rainbowlake.jpg in Resources */,
				88DB5AF72813FAB8005FB295 /* chilkoottrail.jpg in Resources */,
				88DB5AD32813FA6F005FB295 /* Assets.xcassets in Resources */,
			);
			runOnlyForDeploymentPostprocessing = 0;
		};
/* End PBXResourcesBuildPhase section */

/* Begin PBXSourcesBuildPhase section */
		8859B12928155887005A5DB4 /* Sources */ = {
			isa = PBXSourcesBuildPhase;
			buildActionMask = 2147483647;
			files = (
				8859B13728155887005A5DB4 /* NotificationController.swift in Sources */,
				8859B13528155887005A5DB4 /* ContentView.swift in Sources */,
				8859B13B28155887005A5DB4 /* ComplicationController.swift in Sources */,
				8859B1532815740A005A5DB4 /* LandmarksApp.swift in Sources */,
				8859B1512815740A005A5DB4 /* CircleImage.swift in Sources */,
				8859B14E2815740A005A5DB4 /* LandmarkRow.swift in Sources */,
				8859B1572815740A005A5DB4 /* LandmarkList.swift in Sources */,
				8859B1552815740A005A5DB4 /* ModelData.swift in Sources */,
				8859B1562815740A005A5DB4 /* Profile.swift in Sources */,
				8859B15A2815740A005A5DB4 /* Hike.swift in Sources */,
				8859B1542815740A005A5DB4 /* MapView.swift in Sources */,
				8859B15D281574D8005A5DB4 /* LandmarkDetail.swift in Sources */,
				8859B13928155887005A5DB4 /* NotificationView.swift in Sources */,
				8859B1592815740A005A5DB4 /* FavoriteButton.swift in Sources */,
				8859B15B2815740A005A5DB4 /* Landmark.swift in Sources */,
			);
			runOnlyForDeploymentPostprocessing = 0;
		};
		88DB5AC72813FA6B005FB295 /* Sources */ = {
			isa = PBXSourcesBuildPhase;
			buildActionMask = 2147483647;
			files = (
				8859B10C28152A2E005A5DB4 /* CategoryRow.swift in Sources */,
				8859B11028154228005A5DB4 /* Profile.swift in Sources */,
				88DB5AFC2813FB65005FB295 /* MapView.swift in Sources */,
				8859B10A28152802005A5DB4 /* CategoryHome.swift in Sources */,
				8859B11E28155089005A5DB4 /* FeatureCard.swift in Sources */,
				8859B1052815190D005A5DB4 /* HikeGraph.swift in Sources */,
				880AE5E92814FBED0005290B /* Badge.swift in Sources */,
				8871120228141E260064D70E /* ModelData.swift in Sources */,
				8859B1042815190D005A5DB4 /* GraphCapsule.swift in Sources */,
				88DB5ACF2813FA6B005FB295 /* LandmarksApp.swift in Sources */,
				8859B122281554DF005A5DB4 /* PageControl.swift in Sources */,
				880AE5DD2814CD9E0005290B /* FavoriteButton.swift in Sources */,
				8859B10E28152B24005A5DB4 /* CategoryItem.swift in Sources */,
				8859B1062815190D005A5DB4 /* HikeDetail.swift in Sources */,
				8859B11528154290005A5DB4 /* ProfileSummary.swift in Sources */,
				880AE5E12814E8C20005290B /* HexagonParameters.swift in Sources */,
				8859B1132815426A005A5DB4 /* ProfileHost.swift in Sources */,
				880AE5EE2815133F0005290B /* Hike.swift in Sources */,
				880AE5E72814FB200005290B /* RotatedBadgeSymbol.swift in Sources */,
				8859B1202815511D005A5DB4 /* PageView.swift in Sources */,
				880AE5E52814F9F90005290B /* BadgeSymbol.swift in Sources */,
				8859B11928154756005A5DB4 /* ProfileEditor.swift in Sources */,
				88711207281426A70064D70E /* LandmarkList.swift in Sources */,
				8859B1072815190D005A5DB4 /* HikeView.swift in Sources */,
				88DB5B00281409B7005FB295 /* LandmarkDetail.swift in Sources */,
				8859B11C28154F2D005A5DB4 /* PageViewController.swift in Sources */,
				880AE5E32814EA3B0005290B /* BadgeBackground.swift in Sources */,
				8859B117281542DB005A5DB4 /* HikeBadge.swift in Sources */,
				8871120E2814CD360064D70E /* ContentView.swift in Sources */,
				88DB5AFA2813FAF9005FB295 /* CircleImage.swift in Sources */,
				88711205281423FD0064D70E /* LandmarkRow.swift in Sources */,
				8871120028140E070064D70E /* Landmark.swift in Sources */,
			);
			runOnlyForDeploymentPostprocessing = 0;
		};
/* End PBXSourcesBuildPhase section */

/* Begin PBXTargetDependency section */
		8859B13028155887005A5DB4 /* PBXTargetDependency */ = {
			isa = PBXTargetDependency;
			target = 8859B12C28155887005A5DB4 /* WatchLandmarks WatchKit Extension */;
			targetProxy = 8859B12F28155887005A5DB4 /* PBXContainerItemProxy */;
		};
		8859B14428155888005A5DB4 /* PBXTargetDependency */ = {
			isa = PBXTargetDependency;
			target = 8859B12428155885005A5DB4 /* WatchLandmarks */;
			targetProxy = 8859B14328155888005A5DB4 /* PBXContainerItemProxy */;
		};
/* End PBXTargetDependency section */

/* Begin XCBuildConfiguration section */
		8859B14728155888005A5DB4 /* Debug */ = {
			isa = XCBuildConfiguration;
			buildSettings = {
				ASSETCATALOG_COMPILER_COMPLICATION_NAME = Complication;
				CODE_SIGN_STYLE = Automatic;
				CURRENT_PROJECT_VERSION = 1;
				DEVELOPMENT_ASSET_PATHS = "\"WatchLandmarks WatchKit Extension/Preview Content\"";
				ENABLE_PREVIEWS = YES;
				GENERATE_INFOPLIST_FILE = YES;
				INFOPLIST_FILE = "WatchLandmarks WatchKit Extension/Info.plist";
				INFOPLIST_KEY_CFBundleDisplayName = "WatchLandmarks WatchKit Extension";
				INFOPLIST_KEY_CLKComplicationPrincipalClass = WatchLandmarks_WatchKit_Extension.ComplicationController;
				INFOPLIST_KEY_NSHumanReadableCopyright = "";
				INFOPLIST_KEY_WKRunsIndependentlyOfCompanionApp = YES;
				LD_RUNPATH_SEARCH_PATHS = (
					"$(inherited)",
					"@executable_path/Frameworks",
					"@executable_path/../../Frameworks",
				);
				MARKETING_VERSION = 1.0;
				PRODUCT_BUNDLE_IDENTIFIER = tomonakar.Landmarks.watchkitapp.watchkitextension;
				PRODUCT_NAME = "${TARGET_NAME}";
				SDKROOT = watchos;
				SKIP_INSTALL = YES;
				SWIFT_EMIT_LOC_STRINGS = YES;
				SWIFT_VERSION = 5.0;
				TARGETED_DEVICE_FAMILY = 4;
				WATCHOS_DEPLOYMENT_TARGET = 8.5;
			};
			name = Debug;
		};
		8859B14828155888005A5DB4 /* Release */ = {
			isa = XCBuildConfiguration;
			buildSettings = {
				ASSETCATALOG_COMPILER_COMPLICATION_NAME = Complication;
				CODE_SIGN_STYLE = Automatic;
				CURRENT_PROJECT_VERSION = 1;
				DEVELOPMENT_ASSET_PATHS = "\"WatchLandmarks WatchKit Extension/Preview Content\"";
				ENABLE_PREVIEWS = YES;
				GENERATE_INFOPLIST_FILE = YES;
				INFOPLIST_FILE = "WatchLandmarks WatchKit Extension/Info.plist";
				INFOPLIST_KEY_CFBundleDisplayName = "WatchLandmarks WatchKit Extension";
				INFOPLIST_KEY_CLKComplicationPrincipalClass = WatchLandmarks_WatchKit_Extension.ComplicationController;
				INFOPLIST_KEY_NSHumanReadableCopyright = "";
				INFOPLIST_KEY_WKRunsIndependentlyOfCompanionApp = YES;
				LD_RUNPATH_SEARCH_PATHS = (
					"$(inherited)",
					"@executable_path/Frameworks",
					"@executable_path/../../Frameworks",
				);
				MARKETING_VERSION = 1.0;
				PRODUCT_BUNDLE_IDENTIFIER = tomonakar.Landmarks.watchkitapp.watchkitextension;
				PRODUCT_NAME = "${TARGET_NAME}";
				SDKROOT = watchos;
				SKIP_INSTALL = YES;
				SWIFT_EMIT_LOC_STRINGS = YES;
				SWIFT_VERSION = 5.0;
				TARGETED_DEVICE_FAMILY = 4;
				WATCHOS_DEPLOYMENT_TARGET = 8.5;
			};
			name = Release;
		};
		8859B14B28155888005A5DB4 /* Debug */ = {
			isa = XCBuildConfiguration;
			buildSettings = {
				ALWAYS_EMBED_SWIFT_STANDARD_LIBRARIES = YES;
				ASSETCATALOG_COMPILER_APPICON_NAME = AppIcon;
				ASSETCATALOG_COMPILER_GLOBAL_ACCENT_COLOR_NAME = AccentColor;
				CODE_SIGN_STYLE = Automatic;
				CURRENT_PROJECT_VERSION = 1;
				DEVELOPMENT_TEAM = E3VU5U72W8;
				GENERATE_INFOPLIST_FILE = YES;
				IBSC_MODULE = WatchLandmarks_WatchKit_Extension;
				INFOPLIST_KEY_CFBundleDisplayName = WatchLandmarks;
				INFOPLIST_KEY_UISupportedInterfaceOrientations = "UIInterfaceOrientationPortrait UIInterfaceOrientationPortraitUpsideDown";
				INFOPLIST_KEY_WKCompanionAppBundleIdentifier = tomonakar.Landmarks;
				MARKETING_VERSION = 1.0;
				PRODUCT_BUNDLE_IDENTIFIER = tomonakar.Landmarks.watchkitapp;
				PRODUCT_NAME = "$(TARGET_NAME)";
				SDKROOT = watchos;
				SKIP_INSTALL = YES;
				SWIFT_EMIT_LOC_STRINGS = YES;
				SWIFT_VERSION = 5.0;
				TARGETED_DEVICE_FAMILY = 4;
				WATCHOS_DEPLOYMENT_TARGET = 8.5;
			};
			name = Debug;
		};
		8859B14C28155888005A5DB4 /* Release */ = {
			isa = XCBuildConfiguration;
			buildSettings = {
				ALWAYS_EMBED_SWIFT_STANDARD_LIBRARIES = YES;
				ASSETCATALOG_COMPILER_APPICON_NAME = AppIcon;
				ASSETCATALOG_COMPILER_GLOBAL_ACCENT_COLOR_NAME = AccentColor;
				CODE_SIGN_STYLE = Automatic;
				CURRENT_PROJECT_VERSION = 1;
				DEVELOPMENT_TEAM = E3VU5U72W8;
				GENERATE_INFOPLIST_FILE = YES;
				IBSC_MODULE = WatchLandmarks_WatchKit_Extension;
				INFOPLIST_KEY_CFBundleDisplayName = WatchLandmarks;
				INFOPLIST_KEY_UISupportedInterfaceOrientations = "UIInterfaceOrientationPortrait UIInterfaceOrientationPortraitUpsideDown";
				INFOPLIST_KEY_WKCompanionAppBundleIdentifier = tomonakar.Landmarks;
				MARKETING_VERSION = 1.0;
				PRODUCT_BUNDLE_IDENTIFIER = tomonakar.Landmarks.watchkitapp;
				PRODUCT_NAME = "$(TARGET_NAME)";
				SDKROOT = watchos;
				SKIP_INSTALL = YES;
				SWIFT_EMIT_LOC_STRINGS = YES;
				SWIFT_VERSION = 5.0;
				TARGETED_DEVICE_FAMILY = 4;
				WATCHOS_DEPLOYMENT_TARGET = 8.5;
			};
			name = Release;
		};
		88DB5AD72813FA6F005FB295 /* Debug */ = {
			isa = XCBuildConfiguration;
			buildSettings = {
				ALWAYS_SEARCH_USER_PATHS = NO;
				CLANG_ANALYZER_NONNULL = YES;
				CLANG_ANALYZER_NUMBER_OBJECT_CONVERSION = YES_AGGRESSIVE;
				CLANG_CXX_LANGUAGE_STANDARD = "gnu++17";
				CLANG_ENABLE_MODULES = YES;
				CLANG_ENABLE_OBJC_ARC = YES;
				CLANG_ENABLE_OBJC_WEAK = YES;
				CLANG_WARN_BLOCK_CAPTURE_AUTORELEASING = YES;
				CLANG_WARN_BOOL_CONVERSION = YES;
				CLANG_WARN_COMMA = YES;
				CLANG_WARN_CONSTANT_CONVERSION = YES;
				CLANG_WARN_DEPRECATED_OBJC_IMPLEMENTATIONS = YES;
				CLANG_WARN_DIRECT_OBJC_ISA_USAGE = YES_ERROR;
				CLANG_WARN_DOCUMENTATION_COMMENTS = YES;
				CLANG_WARN_EMPTY_BODY = YES;
				CLANG_WARN_ENUM_CONVERSION = YES;
				CLANG_WARN_INFINITE_RECURSION = YES;
				CLANG_WARN_INT_CONVERSION = YES;
				CLANG_WARN_NON_LITERAL_NULL_CONVERSION = YES;
				CLANG_WARN_OBJC_IMPLICIT_RETAIN_SELF = YES;
				CLANG_WARN_OBJC_LITERAL_CONVERSION = YES;
				CLANG_WARN_OBJC_ROOT_CLASS = YES_ERROR;
				CLANG_WARN_QUOTED_INCLUDE_IN_FRAMEWORK_HEADER = YES;
				CLANG_WARN_RANGE_LOOP_ANALYSIS = YES;
				CLANG_WARN_STRICT_PROTOTYPES = YES;
				CLANG_WARN_SUSPICIOUS_MOVE = YES;
				CLANG_WARN_UNGUARDED_AVAILABILITY = YES_AGGRESSIVE;
				CLANG_WARN_UNREACHABLE_CODE = YES;
				CLANG_WARN__DUPLICATE_METHOD_MATCH = YES;
				COPY_PHASE_STRIP = NO;
				DEBUG_INFORMATION_FORMAT = dwarf;
				ENABLE_STRICT_OBJC_MSGSEND = YES;
				ENABLE_TESTABILITY = YES;
				GCC_C_LANGUAGE_STANDARD = gnu11;
				GCC_DYNAMIC_NO_PIC = NO;
				GCC_NO_COMMON_BLOCKS = YES;
				GCC_OPTIMIZATION_LEVEL = 0;
				GCC_PREPROCESSOR_DEFINITIONS = (
					"DEBUG=1",
					"$(inherited)",
				);
				GCC_WARN_64_TO_32_BIT_CONVERSION = YES;
				GCC_WARN_ABOUT_RETURN_TYPE = YES_ERROR;
				GCC_WARN_UNDECLARED_SELECTOR = YES;
				GCC_WARN_UNINITIALIZED_AUTOS = YES_AGGRESSIVE;
				GCC_WARN_UNUSED_FUNCTION = YES;
				GCC_WARN_UNUSED_VARIABLE = YES;
				IPHONEOS_DEPLOYMENT_TARGET = 15.4;
				MTL_ENABLE_DEBUG_INFO = INCLUDE_SOURCE;
				MTL_FAST_MATH = YES;
				ONLY_ACTIVE_ARCH = YES;
				SDKROOT = iphoneos;
				SWIFT_ACTIVE_COMPILATION_CONDITIONS = DEBUG;
				SWIFT_OPTIMIZATION_LEVEL = "-Onone";
			};
			name = Debug;
		};
		88DB5AD82813FA6F005FB295 /* Release */ = {
			isa = XCBuildConfiguration;
			buildSettings = {
				ALWAYS_SEARCH_USER_PATHS = NO;
				CLANG_ANALYZER_NONNULL = YES;
				CLANG_ANALYZER_NUMBER_OBJECT_CONVERSION = YES_AGGRESSIVE;
				CLANG_CXX_LANGUAGE_STANDARD = "gnu++17";
				CLANG_ENABLE_MODULES = YES;
				CLANG_ENABLE_OBJC_ARC = YES;
				CLANG_ENABLE_OBJC_WEAK = YES;
				CLANG_WARN_BLOCK_CAPTURE_AUTORELEASING = YES;
				CLANG_WARN_BOOL_CONVERSION = YES;
				CLANG_WARN_COMMA = YES;
				CLANG_WARN_CONSTANT_CONVERSION = YES;
				CLANG_WARN_DEPRECATED_OBJC_IMPLEMENTATIONS = YES;
				CLANG_WARN_DIRECT_OBJC_ISA_USAGE = YES_ERROR;
				CLANG_WARN_DOCUMENTATION_COMMENTS = YES;
				CLANG_WARN_EMPTY_BODY = YES;
				CLANG_WARN_ENUM_CONVERSION = YES;
				CLANG_WARN_INFINITE_RECURSION = YES;
				CLANG_WARN_INT_CONVERSION = YES;
				CLANG_WARN_NON_LITERAL_NULL_CONVERSION = YES;
				CLANG_WARN_OBJC_IMPLICIT_RETAIN_SELF = YES;
				CLANG_WARN_OBJC_LITERAL_CONVERSION = YES;
				CLANG_WARN_OBJC_ROOT_CLASS = YES_ERROR;
				CLANG_WARN_QUOTED_INCLUDE_IN_FRAMEWORK_HEADER = YES;
				CLANG_WARN_RANGE_LOOP_ANALYSIS = YES;
				CLANG_WARN_STRICT_PROTOTYPES = YES;
				CLANG_WARN_SUSPICIOUS_MOVE = YES;
				CLANG_WARN_UNGUARDED_AVAILABILITY = YES_AGGRESSIVE;
				CLANG_WARN_UNREACHABLE_CODE = YES;
				CLANG_WARN__DUPLICATE_METHOD_MATCH = YES;
				COPY_PHASE_STRIP = NO;
				DEBUG_INFORMATION_FORMAT = "dwarf-with-dsym";
				ENABLE_NS_ASSERTIONS = NO;
				ENABLE_STRICT_OBJC_MSGSEND = YES;
				GCC_C_LANGUAGE_STANDARD = gnu11;
				GCC_NO_COMMON_BLOCKS = YES;
				GCC_WARN_64_TO_32_BIT_CONVERSION = YES;
				GCC_WARN_ABOUT_RETURN_TYPE = YES_ERROR;
				GCC_WARN_UNDECLARED_SELECTOR = YES;
				GCC_WARN_UNINITIALIZED_AUTOS = YES_AGGRESSIVE;
				GCC_WARN_UNUSED_FUNCTION = YES;
				GCC_WARN_UNUSED_VARIABLE = YES;
				IPHONEOS_DEPLOYMENT_TARGET = 15.4;
				MTL_ENABLE_DEBUG_INFO = NO;
				MTL_FAST_MATH = YES;
				SDKROOT = iphoneos;
				SWIFT_COMPILATION_MODE = wholemodule;
				SWIFT_OPTIMIZATION_LEVEL = "-O";
				VALIDATE_PRODUCT = YES;
			};
			name = Release;
		};
		88DB5ADA2813FA6F005FB295 /* Debug */ = {
			isa = XCBuildConfiguration;
			buildSettings = {
				ASSETCATALOG_COMPILER_APPICON_NAME = AppIcon;
				ASSETCATALOG_COMPILER_GLOBAL_ACCENT_COLOR_NAME = AccentColor;
				CODE_SIGN_STYLE = Automatic;
				CURRENT_PROJECT_VERSION = 1;
				DEVELOPMENT_ASSET_PATHS = "\"Landmarks/Preview Content\"";
				DEVELOPMENT_TEAM = E3VU5U72W8;
				ENABLE_PREVIEWS = YES;
				GENERATE_INFOPLIST_FILE = YES;
				INFOPLIST_KEY_UIApplicationSceneManifest_Generation = YES;
				INFOPLIST_KEY_UIApplicationSupportsIndirectInputEvents = YES;
				INFOPLIST_KEY_UILaunchScreen_Generation = YES;
				INFOPLIST_KEY_UISupportedInterfaceOrientations_iPad = "UIInterfaceOrientationPortrait UIInterfaceOrientationPortraitUpsideDown UIInterfaceOrientationLandscapeLeft UIInterfaceOrientationLandscapeRight";
				INFOPLIST_KEY_UISupportedInterfaceOrientations_iPhone = "UIInterfaceOrientationPortrait UIInterfaceOrientationLandscapeLeft UIInterfaceOrientationLandscapeRight";
				LD_RUNPATH_SEARCH_PATHS = (
					"$(inherited)",
					"@executable_path/Frameworks",
				);
				MARKETING_VERSION = 1.0;
				PRODUCT_BUNDLE_IDENTIFIER = tomonakar.Landmarks;
				PRODUCT_NAME = "$(TARGET_NAME)";
				SWIFT_EMIT_LOC_STRINGS = YES;
				SWIFT_VERSION = 5.0;
				TARGETED_DEVICE_FAMILY = "1,2";
			};
			name = Debug;
		};
		88DB5ADB2813FA6F005FB295 /* Release */ = {
			isa = XCBuildConfiguration;
			buildSettings = {
				ASSETCATALOG_COMPILER_APPICON_NAME = AppIcon;
				ASSETCATALOG_COMPILER_GLOBAL_ACCENT_COLOR_NAME = AccentColor;
				CODE_SIGN_STYLE = Automatic;
				CURRENT_PROJECT_VERSION = 1;
				DEVELOPMENT_ASSET_PATHS = "\"Landmarks/Preview Content\"";
				DEVELOPMENT_TEAM = E3VU5U72W8;
				ENABLE_PREVIEWS = YES;
				GENERATE_INFOPLIST_FILE = YES;
				INFOPLIST_KEY_UIApplicationSceneManifest_Generation = YES;
				INFOPLIST_KEY_UIApplicationSupportsIndirectInputEvents = YES;
				INFOPLIST_KEY_UILaunchScreen_Generation = YES;
				INFOPLIST_KEY_UISupportedInterfaceOrientations_iPad = "UIInterfaceOrientationPortrait UIInterfaceOrientationPortraitUpsideDown UIInterfaceOrientationLandscapeLeft UIInterfaceOrientationLandscapeRight";
				INFOPLIST_KEY_UISupportedInterfaceOrientations_iPhone = "UIInterfaceOrientationPortrait UIInterfaceOrientationLandscapeLeft UIInterfaceOrientationLandscapeRight";
				LD_RUNPATH_SEARCH_PATHS = (
					"$(inherited)",
					"@executable_path/Frameworks",
				);
				MARKETING_VERSION = 1.0;
				PRODUCT_BUNDLE_IDENTIFIER = tomonakar.Landmarks;
				PRODUCT_NAME = "$(TARGET_NAME)";
				SWIFT_EMIT_LOC_STRINGS = YES;
				SWIFT_VERSION = 5.0;
				TARGETED_DEVICE_FAMILY = "1,2";
			};
			name = Release;
		};
/* End XCBuildConfiguration section */

/* Begin XCConfigurationList section */
		8859B14628155888005A5DB4 /* Build configuration list for PBXNativeTarget "WatchLandmarks WatchKit Extension" */ = {
			isa = XCConfigurationList;
			buildConfigurations = (
				8859B14728155888005A5DB4 /* Debug */,
				8859B14828155888005A5DB4 /* Release */,
			);
			defaultConfigurationIsVisible = 0;
			defaultConfigurationName = Release;
		};
		8859B14A28155888005A5DB4 /* Build configuration list for PBXNativeTarget "WatchLandmarks" */ = {
			isa = XCConfigurationList;
			buildConfigurations = (
				8859B14B28155888005A5DB4 /* Debug */,
				8859B14C28155888005A5DB4 /* Release */,
			);
			defaultConfigurationIsVisible = 0;
			defaultConfigurationName = Release;
		};
		88DB5AC62813FA6B005FB295 /* Build configuration list for PBXProject "Landmarks" */ = {
			isa = XCConfigurationList;
			buildConfigurations = (
				88DB5AD72813FA6F005FB295 /* Debug */,
				88DB5AD82813FA6F005FB295 /* Release */,
			);
			defaultConfigurationIsVisible = 0;
			defaultConfigurationName = Release;
		};
		88DB5AD92813FA6F005FB295 /* Build configuration list for PBXNativeTarget "Landmarks" */ = {
			isa = XCConfigurationList;
			buildConfigurations = (
				88DB5ADA2813FA6F005FB295 /* Debug */,
				88DB5ADB2813FA6F005FB295 /* Release */,
			);
			defaultConfigurationIsVisible = 0;
			defaultConfigurationName = Release;
		};
/* End XCConfigurationList section */
	};
	rootObject = 88DB5AC32813FA6B005FB295 /* Project object */;
}
